
Microsoft Visual Studio Solution File, Format Version 12.00
# Visual Studio 2013
VisualStudioVersion = 12.0.31101.0
MinimumVisualStudioVersion = 10.0.40219.1
Project("{FAE04EC0-301F-11D3-BF4B-00C04F79EFBC}") = "TitleCleanerLib", "MediaFileParser\TitleCleanerLib.csproj", "{F082F620-ACE9-448A-8CFB-9B135F742D62}"
EndProject
Project("{FAE04EC0-301F-11D3-BF4B-00C04F79EFBC}") = "TitleCleanerConsole", "TitleCleanerConsole\TitleCleanerConsole.csproj", "{F214AF78-20E5-4FB4-AE6E-EF05C4E5431C}"
EndProject
Project("{FAE04EC0-301F-11D3-BF4B-00C04F79EFBC}") = "TitleCleanerGui", "TitleCleanerGui\TitleCleanerGui.csproj", "{8E18DFF7-4918-410F-85DD-7A659DE1DF45}"
EndProject
Project("{2150E333-8FDC-42A3-9474-1A3956D46DE8}") = "Solution Items", "Solution Items", "{C41CEE65-5F54-4C70-A3B1-073997A91D29}"
	ProjectSection(SolutionItems) = preProject
		LICENSE = LICENSE
		Overview.png = Overview.png
		README.md = README.md
	EndProjectSection
EndProject
Global
	GlobalSection(SolutionConfigurationPlatforms) = preSolution
		Debug|Any CPU = Debug|Any CPU
		Release|Any CPU = Release|Any CPU
	EndGlobalSection
	GlobalSection(ProjectConfigurationPlatforms) = postSolution
		{F082F620-ACE9-448A-8CFB-9B135F742D62}.Debug|Any CPU.ActiveCfg = Debug|Any CPU
		{F082F620-ACE9-448A-8CFB-9B135F742D62}.Debug|Any CPU.Build.0 = Debug|Any CPU
		{F082F620-ACE9-448A-8CFB-9B135F742D62}.Release|Any CPU.ActiveCfg = Release|Any CPU
		{F082F620-ACE9-448A-8CFB-9B135F742D62}.Release|Any CPU.Build.0 = Release|Any CPU
		{F214AF78-20E5-4FB4-AE6E-EF05C4E5431C}.Debug|Any CPU.ActiveCfg = Debug|Any CPU
		{F214AF78-20E5-4FB4-AE6E-EF05C4E5431C}.Debug|Any CPU.Build.0 = Debug|Any CPU
		{F214AF78-20E5-4FB4-AE6E-EF05C4E5431C}.Release|Any CPU.ActiveCfg = Release|Any CPU
		{F214AF78-20E5-4FB4-AE6E-EF05C4E5431C}.Release|Any CPU.Build.0 = Release|Any CPU
		{8E18DFF7-4918-410F-85DD-7A659DE1DF45}.Debug|Any CPU.ActiveCfg = Debug|Any CPU
		{8E18DFF7-4918-410F-85DD-7A659DE1DF45}.Debug|Any CPU.Build.0 = Debug|Any CPU
		{8E18DFF7-4918-410F-85DD-7A659DE1DF45}.Release|Any CPU.ActiveCfg = Release|Any CPU
		{8E18DFF7-4918-410F-85DD-7A659DE1DF45}.Release|Any CPU.Build.0 = Release|Any CPU
	EndGlobalSection
	GlobalSection(SolutionProperties) = preSolution
		HideSolutionNode = FALSE
	EndGlobalSection
EndGlobal
